# Runtime versions verified with Python 3.12. Generated 2026-09-08.
fastapi==0.141.1
starlette==1.6.0
uvicorn==0.52.4
httpx==0.28.1
httpcore==1.0.9
h11==0.16.0
anyio==4.15.1
idna==3.19
certifi==2026.7.22
click==8.5.0
pydantic==2.13.4
pydantic_core==2.46.4
typing_extensions==4.16.0
typing_inspection==0.4.4
annotated_types==0.8.0
annotated_doc==0.0.5
python-multipart==0.0.32
python-dotenv==1.2.3
pillow==12.3.0
